
Microsoft Visual Studio Solution File, Format Version 12.00
# Visual Studio Version 17
VisualStudioVersion = 17.7.34031.279
MinimumVisualStudioVersion = 10.0.40219.1
Project("{FAE04EC0-301F-11D3-BF4B-00C04F79EFBC}") = "calcc", "calcc\calcc.csproj", "{051BD56D-5BC3-47BD-924A-6784370CF630}"
EndProject
Global
	GlobalSection(SolutionConfigurationPlatforms) = preSolution
		Debug|Any CPU = Debug|Any CPU
		Release|Any CPU = Release|Any CPU
	EndGlobalSection
	GlobalSection(ProjectConfigurationPlatforms) = postSolution
		{051BD56D-5BC3-47BD-924A-6784370CF630}.Debug|Any CPU.ActiveCfg = Debug|Any CPU
		{051BD56D-5BC3-47BD-924A-6784370CF630}.Debug|Any CPU.Build.0 = Debug|Any CPU
		{051BD56D-5BC3-47BD-924A-6784370CF630}.Release|Any CPU.ActiveCfg = Release|Any CPU
		{051BD56D-5BC3-47BD-924A-6784370CF630}.Release|Any CPU.Build.0 = Release|Any CPU
	EndGlobalSection
	GlobalSection(SolutionProperties) = preSolution
		HideSolutionNode = FALSE
	EndGlobalSection
	GlobalSection(ExtensibilityGlobals) = postSolution
		SolutionGuid = {2A3B1ABB-4762-4011-9046-521FAC04B965}
	EndGlobalSection
EndGlobal
